
Microsoft Visual Studio Solution File, Format Version 12.00
# Visual Studio Version 17
VisualStudioVersion = 17.8.34601.278
MinimumVisualStudioVersion = 10.0.40219.1
Project("{FAE04EC0-301F-11D3-BF4B-00C04F79EFBC}") = "ChrisEckhardt.Utilities.OperationResult", "ChrisEckhardt.Utilities.OperationResult\ChrisEckhardt.Utilities.OperationResult.csproj", "{0F5C1953-36FA-460E-905D-EA9C834F58AB}"
EndProject
Global
	GlobalSection(SolutionConfigurationPlatforms) = preSolution
		Debug|Any CPU = Debug|Any CPU
		Release|Any CPU = Release|Any CPU
	EndGlobalSection
	GlobalSection(ProjectConfigurationPlatforms) = postSolution
		{0F5C1953-36FA-460E-905D-EA9C834F58AB}.Debug|Any CPU.ActiveCfg = Debug|Any CPU
		{0F5C1953-36FA-460E-905D-EA9C834F58AB}.Debug|Any CPU.Build.0 = Debug|Any CPU
		{0F5C1953-36FA-460E-905D-EA9C834F58AB}.Release|Any CPU.ActiveCfg = Release|Any CPU
		{0F5C1953-36FA-460E-905D-EA9C834F58AB}.Release|Any CPU.Build.0 = Release|Any CPU
	EndGlobalSection
	GlobalSection(SolutionProperties) = preSolution
		HideSolutionNode = FALSE
	EndGlobalSection
	GlobalSection(ExtensibilityGlobals) = postSolution
		SolutionGuid = {6F6CDC3D-EBA2-4408-BAB7-B1D0E7AF989B}
	EndGlobalSection
EndGlobal
